// !$*UTF8*$!
{
	archiveVersion = 1;
	classes = {
	};
	objectVersion = 46;
	objects = {

/* Begin PBXBuildFile section */
		63843DA6BC5B8B784BC18794 /* Pods_Pokedex.framework in Frameworks */ = {isa = PBXBuildFile; fileRef = 2C35BCAC31B0886B284DA2A2 /* Pods_Pokedex.framework */; };
		951ED5B11D19BEE900A866D9 /* AppDelegate.swift in Sources */ = {isa = PBXBuildFile; fileRef = 951ED5B01D19BEE900A866D9 /* AppDelegate.swift */; };
		951ED5B31D19BEE900A866D9 /* ViewController.swift in Sources */ = {isa = PBXBuildFile; fileRef = 951ED5B21D19BEE900A866D9 /* ViewController.swift */; };
		951ED5B61D19BEE900A866D9 /* Main.storyboard in Resources */ = {isa = PBXBuildFile; fileRef = 951ED5B41D19BEE900A866D9 /* Main.storyboard */; };
		951ED5B81D19BEE900A866D9 /* Assets.xcassets in Resources */ = {isa = PBXBuildFile; fileRef = 951ED5B71D19BEE900A866D9 /* Assets.xcassets */; };
		951ED5BB1D19BEE900A866D9 /* LaunchScreen.storyboard in Resources */ = {isa = PBXBuildFile; fileRef = 951ED5B91D19BEE900A866D9 /* LaunchScreen.storyboard */; };
		951ED5C31D19C29800A866D9 /* pokemon.csv in Resources */ = {isa = PBXBuildFile; fileRef = 951ED5C21D19C29800A866D9 /* pokemon.csv */; };
		951ED5C61D19C4D700A866D9 /* Pokemon.swift in Sources */ = {isa = PBXBuildFile; fileRef = 951ED5C51D19C4D700A866D9 /* Pokemon.swift */; };
		9587837A1D19DC5A00E4D298 /* PokeCell.swift in Sources */ = {isa = PBXBuildFile; fileRef = 958783791D19DC5A00E4D298 /* PokeCell.swift */; };
		9587837C1D1A3CDF00E4D298 /* csv.swift in Sources */ = {isa = PBXBuildFile; fileRef = 9587837B1D1A3CDF00E4D298 /* csv.swift */; };
		9587837F1D1A42C500E4D298 /* Pokemon.ttf in Resources */ = {isa = PBXBuildFile; fileRef = 9587837E1D1A42C500E4D298 /* Pokemon.ttf */; };
		958783811D1A47F700E4D298 /* music.mp3 in Resources */ = {isa = PBXBuildFile; fileRef = 958783801D1A47F700E4D298 /* music.mp3 */; };
		958783831D1AD62900E4D298 /* PokemonDetailVC.swift in Sources */ = {isa = PBXBuildFile; fileRef = 958783821D1AD62900E4D298 /* PokemonDetailVC.swift */; };
		95FC3B511D1BA4900070EE59 /* Constans.swift in Sources */ = {isa = PBXBuildFile; fileRef = 95FC3B501D1BA48F0070EE59 /* Constans.swift */; };
/* End PBXBuildFile section */

/* Begin PBXFileReference section */
		240F06C0108FBBC1BACA84BF /* Pods-Pokedex.release.xcconfig */ = {isa = PBXFileReference; includeInIndex = 1; lastKnownFileType = text.xcconfig; name = "Pods-Pokedex.release.xcconfig"; path = "Pods/Target Support Files/Pods-Pokedex/Pods-Pokedex.release.xcconfig"; sourceTree = "<group>"; };
		2C35BCAC31B0886B284DA2A2 /* Pods_Pokedex.framework */ = {isa = PBXFileReference; explicitFileType = wrapper.framework; includeInIndex = 0; path = Pods_Pokedex.framework; sourceTree = BUILT_PRODUCTS_DIR; };
		951ED5AD1D19BEE900A866D9 /* Pokedex.app */ = {isa = PBXFileReference; explicitFileType = wrapper.application; includeInIndex = 0; path = Pokedex.app; sourceTree = BUILT_PRODUCTS_DIR; };
		951ED5B01D19BEE900A866D9 /* AppDelegate.swift */ = {isa = PBXFileReference; lastKnownFileType = sourcecode.swift; path = AppDelegate.swift; sourceTree = "<group>"; };
		951ED5B21D19BEE900A866D9 /* ViewController.swift */ = {isa = PBXFileReference; lastKnownFileType = sourcecode.swift; path = ViewController.swift; sourceTree = "<group>"; };
		951ED5B51D19BEE900A866D9 /* Base */ = {isa = PBXFileReference; lastKnownFileType = file.storyboard; name = Base; path = Base.lproj/Main.storyboard; sourceTree = "<group>"; };
		951ED5B71D19BEE900A866D9 /* Assets.xcassets */ = {isa = PBXFileReference; lastKnownFileType = folder.assetcatalog; path = Assets.xcassets; sourceTree = "<group>"; };
		951ED5BA1D19BEE900A866D9 /* Base */ = {isa = PBXFileReference; lastKnownFileType = file.storyboard; name = Base; path = Base.lproj/LaunchScreen.storyboard; sourceTree = "<group>"; };
		951ED5BC1D19BEE900A866D9 /* Info.plist */ = {isa = PBXFileReference; lastKnownFileType = text.plist.xml; path = Info.plist; sourceTree = "<group>"; };
		951ED5C21D19C29800A866D9 /* pokemon.csv */ = {isa = PBXFileReference; fileEncoding = 4; lastKnownFileType = text; path = pokemon.csv; sourceTree = "<group>"; };
		951ED5C51D19C4D700A866D9 /* Pokemon.swift */ = {isa = PBXFileReference; fileEncoding = 4; lastKnownFileType = sourcecode.swift; path = Pokemon.swift; sourceTree = "<group>"; };
		958783791D19DC5A00E4D298 /* PokeCell.swift */ = {isa = PBXFileReference; fileEncoding = 4; lastKnownFileType = sourcecode.swift; path = PokeCell.swift; sourceTree = "<group>"; };
		9587837B1D1A3CDF00E4D298 /* csv.swift */ = {isa = PBXFileReference; fileEncoding = 4; lastKnownFileType = sourcecode.swift; path = csv.swift; sourceTree = "<group>"; };
		9587837E1D1A42C500E4D298 /* Pokemon.ttf */ = {isa = PBXFileReference; lastKnownFileType = file; path = Pokemon.ttf; sourceTree = "<group>"; };
		958783801D1A47F700E4D298 /* music.mp3 */ = {isa = PBXFileReference; lastKnownFileType = audio.mp3; path = music.mp3; sourceTree = "<group>"; };
		958783821D1AD62900E4D298 /* PokemonDetailVC.swift */ = {isa = PBXFileReference; fileEncoding = 4; lastKnownFileType = sourcecode.swift; path = PokemonDetailVC.swift; sourceTree = "<group>"; };
		95FC3B501D1BA48F0070EE59 /* Constans.swift */ = {isa = PBXFileReference; fileEncoding = 4; lastKnownFileType = sourcecode.swift; path = Constans.swift; sourceTree = "<group>"; };
		E5EB748B197A6BDF8FD88186 /* Pods-Pokedex.debug.xcconfig */ = {isa = PBXFileReference; includeInIndex = 1; lastKnownFileType = text.xcconfig; name = "Pods-Pokedex.debug.xcconfig"; path = "Pods/Target Support Files/Pods-Pokedex/Pods-Pokedex.debug.xcconfig"; sourceTree = "<group>"; };
/* End PBXFileReference section */

/* Begin PBXFrameworksBuildPhase section */
		951ED5AA1D19BEE900A866D9 /* Frameworks */ = {
			isa = PBXFrameworksBuildPhase;
			buildActionMask = 2147483647;
			files = (
				63843DA6BC5B8B784BC18794 /* Pods_Pokedex.framework in Frameworks */,
			);
			runOnlyForDeploymentPostprocessing = 0;
		};
/* End PBXFrameworksBuildPhase section */

/* Begin PBXGroup section */
		31E71A57A8259B09F36C177A /* Frameworks */ = {
			isa = PBXGroup;
			children = (
				2C35BCAC31B0886B284DA2A2 /* Pods_Pokedex.framework */,
			);
			name = Frameworks;
			sourceTree = "<group>";
		};
		700086F71B4F16614C2CE04C /* Pods */ = {
			isa = PBXGroup;
			children = (
				E5EB748B197A6BDF8FD88186 /* Pods-Pokedex.debug.xcconfig */,
				240F06C0108FBBC1BACA84BF /* Pods-Pokedex.release.xcconfig */,
			);
			name = Pods;
			sourceTree = "<group>";
		};
		951ED5A41D19BEE900A866D9 = {
			isa = PBXGroup;
			children = (
				951ED5AF1D19BEE900A866D9 /* Pokedex */,
				951ED5AE1D19BEE900A866D9 /* Products */,
				700086F71B4F16614C2CE04C /* Pods */,
				31E71A57A8259B09F36C177A /* Frameworks */,
			);
			sourceTree = "<group>";
		};
		951ED5AE1D19BEE900A866D9 /* Products */ = {
			isa = PBXGroup;
			children = (
				951ED5AD1D19BEE900A866D9 /* Pokedex.app */,
			);
			name = Products;
			sourceTree = "<group>";
		};
		951ED5AF1D19BEE900A866D9 /* Pokedex */ = {
			isa = PBXGroup;
			children = (
				951ED5C41D19C48900A866D9 /* Model */,
				9587837D1D1A3D1600E4D298 /* Util */,
				958783781D19DC0700E4D298 /* Controller */,
				958783771D19DC0200E4D298 /* View */,
				951ED5B01D19BEE900A866D9 /* AppDelegate.swift */,
				9587837E1D1A42C500E4D298 /* Pokemon.ttf */,
				958783801D1A47F700E4D298 /* music.mp3 */,
				951ED5C21D19C29800A866D9 /* pokemon.csv */,
				951ED5B71D19BEE900A866D9 /* Assets.xcassets */,
				951ED5B91D19BEE900A866D9 /* LaunchScreen.storyboard */,
				951ED5BC1D19BEE900A866D9 /* Info.plist */,
			);
			path = Pokedex;
			sourceTree = "<group>";
		};
		951ED5C41D19C48900A866D9 /* Model */ = {
			isa = PBXGroup;
			children = (
				951ED5C51D19C4D700A866D9 /* Pokemon.swift */,
			);
			name = Model;
			sourceTree = "<group>";
		};
		958783771D19DC0200E4D298 /* View */ = {
			isa = PBXGroup;
			children = (
				958783791D19DC5A00E4D298 /* PokeCell.swift */,
				951ED5B41D19BEE900A866D9 /* Main.storyboard */,
			);
			name = View;
			sourceTree = "<group>";
		};
		958783781D19DC0700E4D298 /* Controller */ = {
			isa = PBXGroup;
			children = (
				951ED5B21D19BEE900A866D9 /* ViewController.swift */,
				958783821D1AD62900E4D298 /* PokemonDetailVC.swift */,
			);
			name = Controller;
			sourceTree = "<group>";
		};
		9587837D1D1A3D1600E4D298 /* Util */ = {
			isa = PBXGroup;
			children = (
				9587837B1D1A3CDF00E4D298 /* csv.swift */,
				95FC3B501D1BA48F0070EE59 /* Constans.swift */,
			);
			name = Util;
			sourceTree = "<group>";
		};
/* End PBXGroup section */

/* Begin PBXNativeTarget section */
		951ED5AC1D19BEE900A866D9 /* Pokedex */ = {
			isa = PBXNativeTarget;
			buildConfigurationList = 951ED5BF1D19BEE900A866D9 /* Build configuration list for PBXNativeTarget "Pokedex" */;
			buildPhases = (
				EAB69114EF952D782E3C4348 /* [CP] Check Pods Manifest.lock */,
				951ED5A91D19BEE900A866D9 /* Sources */,
				951ED5AA1D19BEE900A866D9 /* Frameworks */,
				951ED5AB1D19BEE900A866D9 /* Resources */,
				33D7AC471643ADC23FE8D022 /* [CP] Embed Pods Frameworks */,
				0493950C3FA14E1BEB651A19 /* [CP] Copy Pods Resources */,
			);
			buildRules = (
			);
			dependencies = (
			);
			name = Pokedex;
			productName = Pokedex;
			productReference = 951ED5AD1D19BEE900A866D9 /* Pokedex.app */;
			productType = "com.apple.product-type.application";
		};
/* End PBXNativeTarget section */

/* Begin PBXProject section */
		951ED5A51D19BEE900A866D9 /* Project object */ = {
			isa = PBXProject;
			attributes = {
				LastSwiftUpdateCheck = 0730;
				LastUpgradeCheck = 0730;
				ORGANIZATIONNAME = "Daniel Parra";
				TargetAttributes = {
					951ED5AC1D19BEE900A866D9 = {
						CreatedOnToolsVersion = 7.3.1;
					};
				};
			};
			buildConfigurationList = 951ED5A81D19BEE900A866D9 /* Build configuration list for PBXProject "Pokedex" */;
			compatibilityVersion = "Xcode 3.2";
			developmentRegion = English;
			hasScannedForEncodings = 0;
			knownRegions = (
				en,
				Base,
			);
			mainGroup = 951ED5A41D19BEE900A866D9;
			productRefGroup = 951ED5AE1D19BEE900A866D9 /* Products */;
			projectDirPath = "";
			projectRoot = "";
			targets = (
				951ED5AC1D19BEE900A866D9 /* Pokedex */,
			);
		};
/* End PBXProject section */

/* Begin PBXResourcesBuildPhase section */
		951ED5AB1D19BEE900A866D9 /* Resources */ = {
			isa = PBXResourcesBuildPhase;
			buildActionMask = 2147483647;
			files = (
				951ED5BB1D19BEE900A866D9 /* LaunchScreen.storyboard in Resources */,
				9587837F1D1A42C500E4D298 /* Pokemon.ttf in Resources */,
				958783811D1A47F700E4D298 /* music.mp3 in Resources */,
				951ED5B81D19BEE900A866D9 /* Assets.xcassets in Resources */,
				951ED5C31D19C29800A866D9 /* pokemon.csv in Resources */,
				951ED5B61D19BEE900A866D9 /* Main.storyboard in Resources */,
			);
			runOnlyForDeploymentPostprocessing = 0;
		};
/* End PBXResourcesBuildPhase section */

/* Begin PBXShellScriptBuildPhase section */
		0493950C3FA14E1BEB651A19 /* [CP] Copy Pods Resources */ = {
			isa = PBXShellScriptBuildPhase;
			buildActionMask = 2147483647;
			files = (
			);
			inputPaths = (
			);
			name = "[CP] Copy Pods Resources";
			outputPaths = (
			);
			runOnlyForDeploymentPostprocessing = 0;
			shellPath = /bin/sh;
			shellScript = "\"${SRCROOT}/Pods/Target Support Files/Pods-Pokedex/Pods-Pokedex-resources.sh\"\n";
			showEnvVarsInLog = 0;
		};
		33D7AC471643ADC23FE8D022 /* [CP] Embed Pods Frameworks */ = {
			isa = PBXShellScriptBuildPhase;
			buildActionMask = 2147483647;
			files = (
			);
			inputPaths = (
			);
			name = "[CP] Embed Pods Frameworks";
			outputPaths = (
			);
			runOnlyForDeploymentPostprocessing = 0;
			shellPath = /bin/sh;
			shellScript = "\"${SRCROOT}/Pods/Target Support Files/Pods-Pokedex/Pods-Pokedex-frameworks.sh\"\n";
			showEnvVarsInLog = 0;
		};
		EAB69114EF952D782E3C4348 /* [CP] Check Pods Manifest.lock */ = {
			isa = PBXShellScriptBuildPhase;
			buildActionMask = 2147483647;
			files = (
			);
			inputPaths = (
			);
			name = "[CP] Check Pods Manifest.lock";
			outputPaths = (
			);
			runOnlyForDeploymentPostprocessing = 0;
			shellPath = /bin/sh;
			shellScript = "diff \"${PODS_ROOT}/../Podfile.lock\" \"${PODS_ROOT}/Manifest.lock\" > /dev/null\nif [[ $? != 0 ]] ; then\n    cat << EOM\nerror: The sandbox is not in sync with the Podfile.lock. Run 'pod install' or update your CocoaPods installation.\nEOM\n    exit 1\nfi\n";
			showEnvVarsInLog = 0;
		};
/* End PBXShellScriptBuildPhase section */

/* Begin PBXSourcesBuildPhase section */
		951ED5A91D19BEE900A866D9 /* Sources */ = {
			isa = PBXSourcesBuildPhase;
			buildActionMask = 2147483647;
			files = (
				9587837A1D19DC5A00E4D298 /* PokeCell.swift in Sources */,
				951ED5B31D19BEE900A866D9 /* ViewController.swift in Sources */,
				951ED5B11D19BEE900A866D9 /* AppDelegate.swift in Sources */,
				958783831D1AD62900E4D298 /* PokemonDetailVC.swift in Sources */,
				951ED5C61D19C4D700A866D9 /* Pokemon.swift in Sources */,
				95FC3B511D1BA4900070EE59 /* Constans.swift in Sources */,
				9587837C1D1A3CDF00E4D298 /* csv.swift in Sources */,
			);
			runOnlyForDeploymentPostprocessing = 0;
		};
/* End PBXSourcesBuildPhase section */

/* Begin PBXVariantGroup section */
		951ED5B41D19BEE900A866D9 /* Main.storyboard */ = {
			isa = PBXVariantGroup;
			children = (
				951ED5B51D19BEE900A866D9 /* Base */,
			);
			name = Main.storyboard;
			sourceTree = "<group>";
		};
		951ED5B91D19BEE900A866D9 /* LaunchScreen.storyboard */ = {
			isa = PBXVariantGroup;
			children = (
				951ED5BA1D19BEE900A866D9 /* Base */,
			);
			name = LaunchScreen.storyboard;
			sourceTree = "<group>";
		};
/* End PBXVariantGroup section */

/* Begin XCBuildConfiguration section */
		951ED5BD1D19BEE900A866D9 /* Debug */ = {
			isa = XCBuildConfiguration;
			buildSettings = {
				ALWAYS_SEARCH_USER_PATHS = NO;
				CLANG_ANALYZER_NONNULL = YES;
				CLANG_CXX_LANGUAGE_STANDARD = "gnu++0x";
				CLANG_CXX_LIBRARY = "libc++";
				CLANG_ENABLE_MODULES = YES;
				CLANG_ENABLE_OBJC_ARC = YES;
				CLANG_WARN_BOOL_CONVERSION = YES;
				CLANG_WARN_CONSTANT_CONVERSION = YES;
				CLANG_WARN_DIRECT_OBJC_ISA_USAGE = YES_ERROR;
				CLANG_WARN_EMPTY_BODY = YES;
				CLANG_WARN_ENUM_CONVERSION = YES;
				CLANG_WARN_INT_CONVERSION = YES;
				CLANG_WARN_OBJC_ROOT_CLASS = YES_ERROR;
				CLANG_WARN_UNREACHABLE_CODE = YES;
				CLANG_WARN__DUPLICATE_METHOD_MATCH = YES;
				"CODE_SIGN_IDENTITY[sdk=iphoneos*]" = "iPhone Developer";
				COPY_PHASE_STRIP = NO;
				DEBUG_INFORMATION_FORMAT = dwarf;
				ENABLE_STRICT_OBJC_MSGSEND = YES;
				ENABLE_TESTABILITY = YES;
				GCC_C_LANGUAGE_STANDARD = gnu99;
				GCC_DYNAMIC_NO_PIC = NO;
				GCC_NO_COMMON_BLOCKS = YES;
				GCC_OPTIMIZATION_LEVEL = 0;
				GCC_PREPROCESSOR_DEFINITIONS = (
					"DEBUG=1",
					"$(inherited)",
				);
				GCC_WARN_64_TO_32_BIT_CONVERSION = YES;
				GCC_WARN_ABOUT_RETURN_TYPE = YES_ERROR;
				GCC_WARN_UNDECLARED_SELECTOR = YES;
				GCC_WARN_UNINITIALIZED_AUTOS = YES_AGGRESSIVE;
				GCC_WARN_UNUSED_FUNCTION = YES;
				GCC_WARN_UNUSED_VARIABLE = YES;
				IPHONEOS_DEPLOYMENT_TARGET = 9.3;
				MTL_ENABLE_DEBUG_INFO = YES;
				ONLY_ACTIVE_ARCH = YES;
				SDKROOT = iphoneos;
				SWIFT_OPTIMIZATION_LEVEL = "-Onone";
				TARGETED_DEVICE_FAMILY = "1,2";
			};
			name = Debug;
		};
		951ED5BE1D19BEE900A866D9 /* Release */ = {
			isa = XCBuildConfiguration;
			buildSettings = {
				ALWAYS_SEARCH_USER_PATHS = NO;
				CLANG_ANALYZER_NONNULL = YES;
				CLANG_CXX_LANGUAGE_STANDARD = "gnu++0x";
				CLANG_CXX_LIBRARY = "libc++";
				CLANG_ENABLE_MODULES = YES;
				CLANG_ENABLE_OBJC_ARC = YES;
				CLANG_WARN_BOOL_CONVERSION = YES;
				CLANG_WARN_CONSTANT_CONVERSION = YES;
				CLANG_WARN_DIRECT_OBJC_ISA_USAGE = YES_ERROR;
				CLANG_WARN_EMPTY_BODY = YES;
				CLANG_WARN_ENUM_CONVERSION = YES;
				CLANG_WARN_INT_CONVERSION = YES;
				CLANG_WARN_OBJC_ROOT_CLASS = YES_ERROR;
				CLANG_WARN_UNREACHABLE_CODE = YES;
				CLANG_WARN__DUPLICATE_METHOD_MATCH = YES;
				"CODE_SIGN_IDENTITY[sdk=iphoneos*]" = "iPhone Developer";
				COPY_PHASE_STRIP = NO;
				DEBUG_INFORMATION_FORMAT = "dwarf-with-dsym";
				ENABLE_NS_ASSERTIONS = NO;
				ENABLE_STRICT_OBJC_MSGSEND = YES;
				GCC_C_LANGUAGE_STANDARD = gnu99;
				GCC_NO_COMMON_BLOCKS = YES;
				GCC_WARN_64_TO_32_BIT_CONVERSION = YES;
				GCC_WARN_ABOUT_RETURN_TYPE = YES_ERROR;
				GCC_WARN_UNDECLARED_SELECTOR = YES;
				GCC_WARN_UNINITIALIZED_AUTOS = YES_AGGRESSIVE;
				GCC_WARN_UNUSED_FUNCTION = YES;
				GCC_WARN_UNUSED_VARIABLE = YES;
				IPHONEOS_DEPLOYMENT_TARGET = 9.3;
				MTL_ENABLE_DEBUG_INFO = NO;
				SDKROOT = iphoneos;
				TARGETED_DEVICE_FAMILY = "1,2";
				VALIDATE_PRODUCT = YES;
			};
			name = Release;
		};
		951ED5C01D19BEE900A866D9 /* Debug */ = {
			isa = XCBuildConfiguration;
			baseConfigurationReference = E5EB748B197A6BDF8FD88186 /* Pods-Pokedex.debug.xcconfig */;
			buildSettings = {
				ASSETCATALOG_COMPILER_APPICON_NAME = AppIcon;
				INFOPLIST_FILE = Pokedex/Info.plist;
				LD_RUNPATH_SEARCH_PATHS = "$(inherited) @executable_path/Frameworks";
				PRODUCT_BUNDLE_IDENTIFIER = com.example.Pokedex;
				PRODUCT_NAME = "$(TARGET_NAME)";
			};
			name = Debug;
		};
		951ED5C11D19BEE900A866D9 /* Release */ = {
			isa = XCBuildConfiguration;
			baseConfigurationReference = 240F06C0108FBBC1BACA84BF /* Pods-Pokedex.release.xcconfig */;
			buildSettings = {
				ASSETCATALOG_COMPILER_APPICON_NAME = AppIcon;
				INFOPLIST_FILE = Pokedex/Info.plist;
				LD_RUNPATH_SEARCH_PATHS = "$(inherited) @executable_path/Frameworks";
				PRODUCT_BUNDLE_IDENTIFIER = com.example.Pokedex;
				PRODUCT_NAME = "$(TARGET_NAME)";
			};
			name = Release;
		};
/* End XCBuildConfiguration section */

/* Begin XCConfigurationList section */
		951ED5A81D19BEE900A866D9 /* Build configuration list for PBXProject "Pokedex" */ = {
			isa = XCConfigurationList;
			buildConfigurations = (
				951ED5BD1D19BEE900A866D9 /* Debug */,
				951ED5BE1D19BEE900A866D9 /* Release */,
			);
			defaultConfigurationIsVisible = 0;
			defaultConfigurationName = Release;
		};
		951ED5BF1D19BEE900A866D9 /* Build configuration list for PBXNativeTarget "Pokedex" */ = {
			isa = XCConfigurationList;
			buildConfigurations = (
				951ED5C01D19BEE900A866D9 /* Debug */,
				951ED5C11D19BEE900A866D9 /* Release */,
			);
			defaultConfigurationIsVisible = 0;
			defaultConfigurationName = Release;
		};
/* End XCConfigurationList section */
	};
	rootObject = 951ED5A51D19BEE900A866D9 /* Project object */;
}
