// !$*UTF8*$!
{
	archiveVersion = 1;
	classes = {
	};
	objectVersion = 46;
	objects = {

/* Begin PBXBuildFile section */
		951ED5B11D19BEE900A866D9 /* AppDelegate.swift in Sources */ = {isa = PBXBuildFile; fileRef = 951ED5B01D19BEE900A866D9 /* AppDelegate.swift */; };
		951ED5B31D19BEE900A866D9 /* ViewController.swift in Sources */ = {isa = PBXBuildFile; fileRef = 951ED5B21D19BEE900A866D9 /* ViewController.swift */; };
		951ED5B61D19BEE900A866D9 /* Main.storyboard in Resources */ = {isa = PBXBuildFile; fileRef = 951ED5B41D19BEE900A866D9 /* Main.storyboard */; };
		951ED5B81D19BEE900A866D9 /* Assets.xcassets in Resources */ = {isa = PBXBuildFile; fileRef = 951ED5B71D19BEE900A866D9 /* Assets.xcassets */; };
		951ED5BB1D19BEE900A866D9 /* LaunchScreen.storyboard in Resources */ = {isa = PBXBuildFile; fileRef = 951ED5B91D19BEE900A866D9 /* LaunchScreen.storyboard */; };
		951ED5C31D19C29800A866D9 /* pokemon.csv in Resources */ = {isa = PBXBuildFile; fileRef = 951ED5C21D19C29800A866D9 /* pokemon.csv */; };
/* End PBXBuildFile section */

/* Begin PBXFileReference section */
		951ED5AD1D19BEE900A866D9 /* Pokedex.app */ = {isa = PBXFileReference; explicitFileType = wrapper.application; includeInIndex = 0; path = Pokedex.app; sourceTree = BUILT_PRODUCTS_DIR; };
		951ED5B01D19BEE900A866D9 /* AppDelegate.swift */ = {isa = PBXFileReference; lastKnownFileType = sourcecode.swift; path = AppDelegate.swift; sourceTree = "<group>"; };
		951ED5B21D19BEE900A866D9 /* ViewController.swift */ = {isa = PBXFileReference; lastKnownFileType = sourcecode.swift; path = ViewController.swift; sourceTree = "<group>"; };
		951ED5B51D19BEE900A866D9 /* Base */ = {isa = PBXFileReference; lastKnownFileType = file.storyboard; name = Base; path = Base.lproj/Main.storyboard; sourceTree = "<group>"; };
		951ED5B71D19BEE900A866D9 /* Assets.xcassets */ = {isa = PBXFileReference; lastKnownFileType = folder.assetcatalog; path = Assets.xcassets; sourceTree = "<group>"; };
		951ED5BA1D19BEE900A866D9 /* Base */ = {isa = PBXFileReference; lastKnownFileType = file.storyboard; name = Base; path = Base.lproj/LaunchScreen.storyboard; sourceTree = "<group>"; };
		951ED5BC1D19BEE900A866D9 /* Info.plist */ = {isa = PBXFileReference; lastKnownFileType = text.plist.xml; path = Info.plist; sourceTree = "<group>"; };
		951ED5C21D19C29800A866D9 /* pokemon.csv */ = {isa = PBXFileReference; fileEncoding = 4; lastKnownFileType = text; path = pokemon.csv; sourceTree = "<group>"; };
/* End PBXFileReference section */

/* Begin PBXFrameworksBuildPhase section */
		951ED5AA1D19BEE900A866D9 /* Frameworks */ = {
			isa = PBXFrameworksBuildPhase;
			buildActionMask = 2147483647;
			files = (
			);
			runOnlyForDeploymentPostprocessing = 0;
		};
/* End PBXFrameworksBuildPhase section */

/* Begin PBXGroup section */
		951ED5A41D19BEE900A866D9 = {
			isa = PBXGroup;
			children = (
				951ED5AF1D19BEE900A866D9 /* Pokedex */,
				951ED5AE1D19BEE900A866D9 /* Products */,
			);
			sourceTree = "<group>";
		};
		951ED5AE1D19BEE900A866D9 /* Products */ = {
			isa = PBXGroup;
			children = (
				951ED5AD1D19BEE900A866D9 /* Pokedex.app */,
			);
			name = Products;
			sourceTree = "<group>";
		};
		951ED5AF1D19BEE900A866D9 /* Pokedex */ = {
			isa = PBXGroup;
			children = (
				951ED5B01D19BEE900A866D9 /* AppDelegate.swift */,
				951ED5B21D19BEE900A866D9 /* ViewController.swift */,
				951ED5B41D19BEE900A866D9 /* Main.storyboard */,
				951ED5C21D19C29800A866D9 /* pokemon.csv */,
				951ED5B71D19BEE900A866D9 /* Assets.xcassets */,
				951ED5B91D19BEE900A866D9 /* LaunchScreen.storyboard */,
				951ED5BC1D19BEE900A866D9 /* Info.plist */,
			);
			path = Pokedex;
			sourceTree = "<group>";
		};
/* End PBXGroup section */

/* Begin PBXNativeTarget section */
		951ED5AC1D19BEE900A866D9 /* Pokedex */ = {
			isa = PBXNativeTarget;
			buildConfigurationList = 951ED5BF1D19BEE900A866D9 /* Build configuration list for PBXNativeTarget "Pokedex" */;
			buildPhases = (
				951ED5A91D19BEE900A866D9 /* Sources */,
				951ED5AA1D19BEE900A866D9 /* Frameworks */,
				951ED5AB1D19BEE900A866D9 /* Resources */,
			);
			buildRules = (
			);
			dependencies = (
			);
			name = Pokedex;
			productName = Pokedex;
			productReference = 951ED5AD1D19BEE900A866D9 /* Pokedex.app */;
			productType = "com.apple.product-type.application";
		};
/* End PBXNativeTarget section */

/* Begin PBXProject section */
		951ED5A51D19BEE900A866D9 /* Project object */ = {
			isa = PBXProject;
			attributes = {
				LastSwiftUpdateCheck = 0730;
				LastUpgradeCheck = 0730;
				ORGANIZATIONNAME = "Daniel Parra";
				TargetAttributes = {
					951ED5AC1D19BEE900A866D9 = {
						CreatedOnToolsVersion = 7.3.1;
					};
				};
			};
			buildConfigurationList = 951ED5A81D19BEE900A866D9 /* Build configuration list for PBXProject "Pokedex" */;
			compatibilityVersion = "Xcode 3.2";
			developmentRegion = English;
			hasScannedForEncodings = 0;
			knownRegions = (
				en,
				Base,
			);
			mainGroup = 951ED5A41D19BEE900A866D9;
			productRefGroup = 951ED5AE1D19BEE900A866D9 /* Products */;
			projectDirPath = "";
			projectRoot = "";
			targets = (
				951ED5AC1D19BEE900A866D9 /* Pokedex */,
			);
		};
/* End PBXProject section */

/* Begin PBXResourcesBuildPhase section */
		951ED5AB1D19BEE900A866D9 /* Resources */ = {
			isa = PBXResourcesBuildPhase;
			buildActionMask = 2147483647;
			files = (
				951ED5BB1D19BEE900A866D9 /* LaunchScreen.storyboard in Resources */,
				951ED5B81D19BEE900A866D9 /* Assets.xcassets in Resources */,
				951ED5C31D19C29800A866D9 /* pokemon.csv in Resources */,
				951ED5B61D19BEE900A866D9 /* Main.storyboard in Resources */,
			);
			runOnlyForDeploymentPostprocessing = 0;
		};
/* End PBXResourcesBuildPhase section */

/* Begin PBXSourcesBuildPhase section */
		951ED5A91D19BEE900A866D9 /* Sources */ = {
			isa = PBXSourcesBuildPhase;
			buildActionMask = 2147483647;
			files = (
				951ED5B31D19BEE900A866D9 /* ViewController.swift in Sources */,
				951ED5B11D19BEE900A866D9 /* AppDelegate.swift in Sources */,
			);
			runOnlyForDeploymentPostprocessing = 0;
		};
/* End PBXSourcesBuildPhase section */

/* Begin PBXVariantGroup section */
		951ED5B41D19BEE900A866D9 /* Main.storyboard */ = {
			isa = PBXVariantGroup;
			children = (
				951ED5B51D19BEE900A866D9 /* Base */,
			);
			name = Main.storyboard;
			sourceTree = "<group>";
		};
		951ED5B91D19BEE900A866D9 /* LaunchScreen.storyboard */ = {
			isa = PBXVariantGroup;
			children = (
				951ED5BA1D19BEE900A866D9 /* Base */,
			);
			name = LaunchScreen.storyboard;
			sourceTree = "<group>";
		};
/* End PBXVariantGroup section */

/* Begin XCBuildConfiguration section */
		951ED5BD1D19BEE900A866D9 /* Debug */ = {
			isa = XCBuildConfiguration;
			buildSettings = {
				ALWAYS_SEARCH_USER_PATHS = NO;
				CLANG_ANALYZER_NONNULL = YES;
				CLANG_CXX_LANGUAGE_STANDARD = "gnu++0x";
				CLANG_CXX_LIBRARY = "libc++";
				CLANG_ENABLE_MODULES = YES;
				CLANG_ENABLE_OBJC_ARC = YES;
				CLANG_WARN_BOOL_CONVERSION = YES;
				CLANG_WARN_CONSTANT_CONVERSION = YES;
				CLANG_WARN_DIRECT_OBJC_ISA_USAGE = YES_ERROR;
				CLANG_WARN_EMPTY_BODY = YES;
				CLANG_WARN_ENUM_CONVERSION = YES;
				CLANG_WARN_INT_CONVERSION = YES;
				CLANG_WARN_OBJC_ROOT_CLASS = YES_ERROR;
				CLANG_WARN_UNREACHABLE_CODE = YES;
				CLANG_WARN__DUPLICATE_METHOD_MATCH = YES;
				"CODE_SIGN_IDENTITY[sdk=iphoneos*]" = "iPhone Developer";
				COPY_PHASE_STRIP = NO;
				DEBUG_INFORMATION_FORMAT = dwarf;
				ENABLE_STRICT_OBJC_MSGSEND = YES;
				ENABLE_TESTABILITY = YES;
				GCC_C_LANGUAGE_STANDARD = gnu99;
				GCC_DYNAMIC_NO_PIC = NO;
				GCC_NO_COMMON_BLOCKS = YES;
				GCC_OPTIMIZATION_LEVEL = 0;
				GCC_PREPROCESSOR_DEFINITIONS = (
					"DEBUG=1",
					"$(inherited)",
				);
				GCC_WARN_64_TO_32_BIT_CONVERSION = YES;
				GCC_WARN_ABOUT_RETURN_TYPE = YES_ERROR;
				GCC_WARN_UNDECLARED_SELECTOR = YES;
				GCC_WARN_UNINITIALIZED_AUTOS = YES_AGGRESSIVE;
				GCC_WARN_UNUSED_FUNCTION = YES;
				GCC_WARN_UNUSED_VARIABLE = YES;
				IPHONEOS_DEPLOYMENT_TARGET = 9.3;
				MTL_ENABLE_DEBUG_INFO = YES;
				ONLY_ACTIVE_ARCH = YES;
				SDKROOT = iphoneos;
				SWIFT_OPTIMIZATION_LEVEL = "-Onone";
				TARGETED_DEVICE_FAMILY = "1,2";
			};
			name = Debug;
		};
		951ED5BE1D19BEE900A866D9 /* Release */ = {
			isa = XCBuildConfiguration;
			buildSettings = {
				ALWAYS_SEARCH_USER_PATHS = NO;
				CLANG_ANALYZER_NONNULL = YES;
				CLANG_CXX_LANGUAGE_STANDARD = "gnu++0x";
				CLANG_CXX_LIBRARY = "libc++";
				CLANG_ENABLE_MODULES = YES;
				CLANG_ENABLE_OBJC_ARC = YES;
				CLANG_WARN_BOOL_CONVERSION = YES;
				CLANG_WARN_CONSTANT_CONVERSION = YES;
				CLANG_WARN_DIRECT_OBJC_ISA_USAGE = YES_ERROR;
				CLANG_WARN_EMPTY_BODY = YES;
				CLANG_WARN_ENUM_CONVERSION = YES;
				CLANG_WARN_INT_CONVERSION = YES;
				CLANG_WARN_OBJC_ROOT_CLASS = YES_ERROR;
				CLANG_WARN_UNREACHABLE_CODE = YES;
				CLANG_WARN__DUPLICATE_METHOD_MATCH = YES;
				"CODE_SIGN_IDENTITY[sdk=iphoneos*]" = "iPhone Developer";
				COPY_PHASE_STRIP = NO;
				DEBUG_INFORMATION_FORMAT = "dwarf-with-dsym";
				ENABLE_NS_ASSERTIONS = NO;
				ENABLE_STRICT_OBJC_MSGSEND = YES;
				GCC_C_LANGUAGE_STANDARD = gnu99;
				GCC_NO_COMMON_BLOCKS = YES;
				GCC_WARN_64_TO_32_BIT_CONVERSION = YES;
				GCC_WARN_ABOUT_RETURN_TYPE = YES_ERROR;
				GCC_WARN_UNDECLARED_SELECTOR = YES;
				GCC_WARN_UNINITIALIZED_AUTOS = YES_AGGRESSIVE;
				GCC_WARN_UNUSED_FUNCTION = YES;
				GCC_WARN_UNUSED_VARIABLE = YES;
				IPHONEOS_DEPLOYMENT_TARGET = 9.3;
				MTL_ENABLE_DEBUG_INFO = NO;
				SDKROOT = iphoneos;
				TARGETED_DEVICE_FAMILY = "1,2";
				VALIDATE_PRODUCT = YES;
			};
			name = Release;
		};
		951ED5C01D19BEE900A866D9 /* Debug */ = {
			isa = XCBuildConfiguration;
			buildSettings = {
				ASSETCATALOG_COMPILER_APPICON_NAME = AppIcon;
				INFOPLIST_FILE = Pokedex/Info.plist;
				LD_RUNPATH_SEARCH_PATHS = "$(inherited) @executable_path/Frameworks";
				PRODUCT_BUNDLE_IDENTIFIER = com.example.Pokedex;
				PRODUCT_NAME = "$(TARGET_NAME)";
			};
			name = Debug;
		};
		951ED5C11D19BEE900A866D9 /* Release */ = {
			isa = XCBuildConfiguration;
			buildSettings = {
				ASSETCATALOG_COMPILER_APPICON_NAME = AppIcon;
				INFOPLIST_FILE = Pokedex/Info.plist;
				LD_RUNPATH_SEARCH_PATHS = "$(inherited) @executable_path/Frameworks";
				PRODUCT_BUNDLE_IDENTIFIER = com.example.Pokedex;
				PRODUCT_NAME = "$(TARGET_NAME)";
			};
			name = Release;
		};
/* End XCBuildConfiguration section */

/* Begin XCConfigurationList section */
		951ED5A81D19BEE900A866D9 /* Build configuration list for PBXProject "Pokedex" */ = {
			isa = XCConfigurationList;
			buildConfigurations = (
				951ED5BD1D19BEE900A866D9 /* Debug */,
				951ED5BE1D19BEE900A866D9 /* Release */,
			);
			defaultConfigurationIsVisible = 0;
			defaultConfigurationName = Release;
		};
		951ED5BF1D19BEE900A866D9 /* Build configuration list for PBXNativeTarget "Pokedex" */ = {
			isa = XCConfigurationList;
			buildConfigurations = (
				951ED5C01D19BEE900A866D9 /* Debug */,
				951ED5C11D19BEE900A866D9 /* Release */,
			);
			defaultConfigurationIsVisible = 0;
		};
/* End XCConfigurationList section */
	};
	rootObject = 951ED5A51D19BEE900A866D9 /* Project object */;
}
